
Microsoft Visual Studio Solution File, Format Version 12.00
# Visual Studio Version 16
VisualStudioVersion = 16.0.33529.622
MinimumVisualStudioVersion = 10.0.40219.1
Project("{FAE04EC0-301F-11D3-BF4B-00C04F79EFBC}") = "Hidex_Csharp_Client", "Hidex_Csharp_Client\Hidex_Csharp_Client.csproj", "{3D5637E3-94E5-4641-98FB-0FD8178CE2B5}"
EndProject
Global
	GlobalSection(SolutionConfigurationPlatforms) = preSolution
		Debug|Any CPU = Debug|Any CPU
		Release|Any CPU = Release|Any CPU
	EndGlobalSection
	GlobalSection(ProjectConfigurationPlatforms) = postSolution
		{3D5637E3-94E5-4641-98FB-0FD8178CE2B5}.Debug|Any CPU.ActiveCfg = Debug|Any CPU
		{3D5637E3-94E5-4641-98FB-0FD8178CE2B5}.Debug|Any CPU.Build.0 = Debug|Any CPU
		{3D5637E3-94E5-4641-98FB-0FD8178CE2B5}.Release|Any CPU.ActiveCfg = Release|Any CPU
		{3D5637E3-94E5-4641-98FB-0FD8178CE2B5}.Release|Any CPU.Build.0 = Release|Any CPU
	EndGlobalSection
	GlobalSection(SolutionProperties) = preSolution
		HideSolutionNode = FALSE
	EndGlobalSection
	GlobalSection(ExtensibilityGlobals) = postSolution
		SolutionGuid = {2630423F-1FC1-4335-BF39-48BFD5701B0E}
	EndGlobalSection
EndGlobal
